prepare:
  cmd: python src/prepare.py
  deps:
  - path: data/raw
    md5: a8a5252d9b14ab2c1be283822a86981a.dir
  - path: src/prepare.py
    md5: ef804f358e00edcfe52c865b471f8f55
  outs:
  - path: data/prepared/test.csv
    md5: 536fe137c83d7119c45f5d978335425b
  - path: data/prepared/train.csv
    md5: 0bad47e2449d20d62df6fd9fdbeaa32b
train:
  cmd: python src/train.py
  deps:
  - path: data/prepared/train.csv
    md5: 0bad47e2449d20d62df6fd9fdbeaa32b
  - path: src/train.py
    md5: 8afd0b487365179d1b8bcca7e57a64cd
  outs:
  - path: model/model.joblib
    md5: 879f2345bf1f09974a81f7457acdf2a6
evaluate:
  cmd: python src/evaluate.py
  deps:
  - path: model/model.joblib
    md5: 879f2345bf1f09974a81f7457acdf2a6
  - path: src/evaluate.py
    md5: b197277667d6269271fff4ae4af8a941
  outs:
  - path: metrics/accuracy.json
    md5: c5b83eb266adc9f950859ad1a2835296
